{
  "name": "rxjs-tips",
  "version": "1.0.0",
  "lockfileVersion": 1,
  "requires": true,
  "dependencies": {
    "rxjs": {
      "version": "7.5.3",
      "resolved": "https://pkgs.dev.azure.com/diemobiliar/RWC/_packaging/npm-main/npm/registry/rxjs/-/rxjs-7.5.3.tgz",
      "integrity": "sha1-E1n4pHBHl77nQ1fWWhJdvH2PSpE=",
      "requires": {
        "tslib": "^2.1.0"
      }
    },
    "tslib": {
      "version": "2.3.1",
      "resolved": "https://pkgs.dev.azure.com/diemobiliar/RWC/_packaging/npm-main/npm/registry/tslib/-/tslib-2.3.1.tgz",
      "integrity": "sha1-6KM1rdXOrlGqJh0ypJAVjvBC7wE="
    }
  }
}
